
Microsoft Visual Studio Solution File, Format Version 12.00
# Visual Studio Version 17
VisualStudioVersion = 17.10.34916.146
MinimumVisualStudioVersion = 10.0.40219.1
Project("{FAE04EC0-301F-11D3-BF4B-00C04F79EFBC}") = "FactoryExample", "FactoryExample\FactoryExample.csproj", "{6E0E7D63-C234-48F7-83EE-431FA4C8471A}"
EndProject
Global
	GlobalSection(SolutionConfigurationPlatforms) = preSolution
		Debug|Any CPU = Debug|Any CPU
		Release|Any CPU = Release|Any CPU
	EndGlobalSection
	GlobalSection(ProjectConfigurationPlatforms) = postSolution
		{6E0E7D63-C234-48F7-83EE-431FA4C8471A}.Debug|Any CPU.ActiveCfg = Debug|Any CPU
		{6E0E7D63-C234-48F7-83EE-431FA4C8471A}.Debug|Any CPU.Build.0 = Debug|Any CPU
		{6E0E7D63-C234-48F7-83EE-431FA4C8471A}.Release|Any CPU.ActiveCfg = Release|Any CPU
		{6E0E7D63-C234-48F7-83EE-431FA4C8471A}.Release|Any CPU.Build.0 = Release|Any CPU
	EndGlobalSection
	GlobalSection(SolutionProperties) = preSolution
		HideSolutionNode = FALSE
	EndGlobalSection
	GlobalSection(ExtensibilityGlobals) = postSolution
		SolutionGuid = {7C2CC80E-B265-412C-B26A-B3BC7563F057}
	EndGlobalSection
EndGlobal
